
Microsoft Visual Studio Solution File, Format Version 11.00
# Visual Studio 2010
Project("{FAE04EC0-301F-11D3-BF4B-00C04F79EFBC}") = "GetMSIVersion", "GetMSIVersion.csproj", "{C72CF9C2-1CFE-4A80-BE14-D80411C6C4BE}"
EndProject
Global
	GlobalSection(SolutionConfigurationPlatforms) = preSolution
		Debug|x64 = Debug|x64
		Debug|x86 = Debug|x86
		Release|x64 = Release|x64
		Release|x86 = Release|x86
	EndGlobalSection
	GlobalSection(ProjectConfigurationPlatforms) = postSolution
		{C72CF9C2-1CFE-4A80-BE14-D80411C6C4BE}.Debug|x64.ActiveCfg = Debug|x64
		{C72CF9C2-1CFE-4A80-BE14-D80411C6C4BE}.Debug|x64.Build.0 = Debug|x64
		{C72CF9C2-1CFE-4A80-BE14-D80411C6C4BE}.Debug|x86.ActiveCfg = Debug|x86
		{C72CF9C2-1CFE-4A80-BE14-D80411C6C4BE}.Debug|x86.Build.0 = Debug|x86
		{C72CF9C2-1CFE-4A80-BE14-D80411C6C4BE}.Release|x64.ActiveCfg = Release|x64
		{C72CF9C2-1CFE-4A80-BE14-D80411C6C4BE}.Release|x64.Build.0 = Release|x64
		{C72CF9C2-1CFE-4A80-BE14-D80411C6C4BE}.Release|x86.ActiveCfg = Release|x86
		{C72CF9C2-1CFE-4A80-BE14-D80411C6C4BE}.Release|x86.Build.0 = Release|x86
	EndGlobalSection
	GlobalSection(SolutionProperties) = preSolution
		HideSolutionNode = FALSE
	EndGlobalSection
EndGlobal
